
Microsoft Visual Studio Solution File, Format Version 12.00
# Visual Studio Version 17
VisualStudioVersion = 17.0.31903.59
MinimumVisualStudioVersion = 10.0.40219.1
Project("{FAE04EC0-301F-11D3-BF4B-00C04F79EFBC}") = "berjmapper", "berjmapper\berjmapper.csproj", "{90B5C9E0-8555-4FAE-A360-288980786C3E}"
EndProject
Project("{FAE04EC0-301F-11D3-BF4B-00C04F79EFBC}") = "ExampleProject", "ExampleProject\ExampleProject.csproj", "{2738CBDE-54DA-4E0B-B3D8-E6301F8FCAAB}"
EndProject
Global
	GlobalSection(SolutionConfigurationPlatforms) = preSolution
		Debug|Any CPU = Debug|Any CPU
		Release|Any CPU = Release|Any CPU
	EndGlobalSection
	GlobalSection(ProjectConfigurationPlatforms) = postSolution
		{90B5C9E0-8555-4FAE-A360-288980786C3E}.Debug|Any CPU.ActiveCfg = Debug|Any CPU
		{90B5C9E0-8555-4FAE-A360-288980786C3E}.Debug|Any CPU.Build.0 = Debug|Any CPU
		{90B5C9E0-8555-4FAE-A360-288980786C3E}.Release|Any CPU.ActiveCfg = Release|Any CPU
		{90B5C9E0-8555-4FAE-A360-288980786C3E}.Release|Any CPU.Build.0 = Release|Any CPU
		{2738CBDE-54DA-4E0B-B3D8-E6301F8FCAAB}.Debug|Any CPU.ActiveCfg = Debug|Any CPU
		{2738CBDE-54DA-4E0B-B3D8-E6301F8FCAAB}.Debug|Any CPU.Build.0 = Debug|Any CPU
		{2738CBDE-54DA-4E0B-B3D8-E6301F8FCAAB}.Release|Any CPU.ActiveCfg = Release|Any CPU
		{2738CBDE-54DA-4E0B-B3D8-E6301F8FCAAB}.Release|Any CPU.Build.0 = Release|Any CPU
	EndGlobalSection
	GlobalSection(SolutionProperties) = preSolution
		HideSolutionNode = FALSE
	EndGlobalSection
	GlobalSection(ExtensibilityGlobals) = postSolution
		SolutionGuid = {D7632142-D640-473C-9CAE-84EAD943FB5D}
	EndGlobalSection
EndGlobal
